// !$*UTF8*$!
{
	archiveVersion = 1;
	classes = {
	};
	objectVersion = 50;
	objects = {

/* Begin PBXBuildFile section */
		CAF9A4F12339FF8B005B4EC0 /* AppDelegate.swift in Sources */ = {isa = PBXBuildFile; fileRef = CAF9A4F02339FF8B005B4EC0 /* AppDelegate.swift */; };
		CAF9A4F52339FF8B005B4EC0 /* MainTableVC.swift in Sources */ = {isa = PBXBuildFile; fileRef = CAF9A4F42339FF8B005B4EC0 /* MainTableVC.swift */; };
		CAF9A4F82339FF8B005B4EC0 /* Main.storyboard in Resources */ = {isa = PBXBuildFile; fileRef = CAF9A4F62339FF8B005B4EC0 /* Main.storyboard */; };
		CAF9A4FA2339FF8C005B4EC0 /* Assets.xcassets in Resources */ = {isa = PBXBuildFile; fileRef = CAF9A4F92339FF8C005B4EC0 /* Assets.xcassets */; };
		CAF9A4FD2339FF8C005B4EC0 /* LaunchScreen.storyboard in Resources */ = {isa = PBXBuildFile; fileRef = CAF9A4FB2339FF8C005B4EC0 /* LaunchScreen.storyboard */; };
		CAF9A505233A0127005B4EC0 /* SceneDelegate.swift in Sources */ = {isa = PBXBuildFile; fileRef = CAF9A504233A0127005B4EC0 /* SceneDelegate.swift */; };
		CAF9A507233A15E5005B4EC0 /* UserEntrys.swift in Sources */ = {isa = PBXBuildFile; fileRef = CAF9A506233A15E5005B4EC0 /* UserEntrys.swift */; };
		CAF9A509233A19DC005B4EC0 /* RequestManager.swift in Sources */ = {isa = PBXBuildFile; fileRef = CAF9A508233A19DC005B4EC0 /* RequestManager.swift */; };
		CAF9A50F233A1C94005B4EC0 /* UserCell.swift in Sources */ = {isa = PBXBuildFile; fileRef = CAF9A50E233A1C94005B4EC0 /* UserCell.swift */; };
		CAF9A511233A1DE7005B4EC0 /* MainTableVC+UITableViewDataSource.swift in Sources */ = {isa = PBXBuildFile; fileRef = CAF9A510233A1DE7005B4EC0 /* MainTableVC+UITableViewDataSource.swift */; };
		CAF9A513233A235D005B4EC0 /* DetailVC.swift in Sources */ = {isa = PBXBuildFile; fileRef = CAF9A512233A235D005B4EC0 /* DetailVC.swift */; };
		CAF9A515233A413C005B4EC0 /* MainTableVC+UITableViewDelegate.swift in Sources */ = {isa = PBXBuildFile; fileRef = CAF9A514233A413C005B4EC0 /* MainTableVC+UITableViewDelegate.swift */; };
/* End PBXBuildFile section */

/* Begin PBXFileReference section */
		CAF9A4ED2339FF8B005B4EC0 /* testApi.app */ = {isa = PBXFileReference; explicitFileType = wrapper.application; includeInIndex = 0; path = testApi.app; sourceTree = BUILT_PRODUCTS_DIR; };
		CAF9A4F02339FF8B005B4EC0 /* AppDelegate.swift */ = {isa = PBXFileReference; lastKnownFileType = sourcecode.swift; path = AppDelegate.swift; sourceTree = "<group>"; };
		CAF9A4F42339FF8B005B4EC0 /* MainTableVC.swift */ = {isa = PBXFileReference; lastKnownFileType = sourcecode.swift; path = MainTableVC.swift; sourceTree = "<group>"; };
		CAF9A4F72339FF8B005B4EC0 /* Base */ = {isa = PBXFileReference; lastKnownFileType = file.storyboard; name = Base; path = Base.lproj/Main.storyboard; sourceTree = "<group>"; };
		CAF9A4F92339FF8C005B4EC0 /* Assets.xcassets */ = {isa = PBXFileReference; lastKnownFileType = folder.assetcatalog; path = Assets.xcassets; sourceTree = "<group>"; };
		CAF9A4FC2339FF8C005B4EC0 /* Base */ = {isa = PBXFileReference; lastKnownFileType = file.storyboard; name = Base; path = Base.lproj/LaunchScreen.storyboard; sourceTree = "<group>"; };
		CAF9A4FE2339FF8C005B4EC0 /* Info.plist */ = {isa = PBXFileReference; lastKnownFileType = text.plist.xml; path = Info.plist; sourceTree = "<group>"; };
		CAF9A504233A0127005B4EC0 /* SceneDelegate.swift */ = {isa = PBXFileReference; fileEncoding = 4; lastKnownFileType = sourcecode.swift; path = SceneDelegate.swift; sourceTree = "<group>"; };
		CAF9A506233A15E5005B4EC0 /* UserEntrys.swift */ = {isa = PBXFileReference; lastKnownFileType = sourcecode.swift; path = UserEntrys.swift; sourceTree = "<group>"; };
		CAF9A508233A19DC005B4EC0 /* RequestManager.swift */ = {isa = PBXFileReference; lastKnownFileType = sourcecode.swift; path = RequestManager.swift; sourceTree = "<group>"; };
		CAF9A50E233A1C94005B4EC0 /* UserCell.swift */ = {isa = PBXFileReference; fileEncoding = 4; lastKnownFileType = sourcecode.swift; path = UserCell.swift; sourceTree = "<group>"; };
		CAF9A510233A1DE7005B4EC0 /* MainTableVC+UITableViewDataSource.swift */ = {isa = PBXFileReference; fileEncoding = 4; lastKnownFileType = sourcecode.swift; path = "MainTableVC+UITableViewDataSource.swift"; sourceTree = "<group>"; };
		CAF9A512233A235D005B4EC0 /* DetailVC.swift */ = {isa = PBXFileReference; lastKnownFileType = sourcecode.swift; path = DetailVC.swift; sourceTree = "<group>"; };
		CAF9A514233A413C005B4EC0 /* MainTableVC+UITableViewDelegate.swift */ = {isa = PBXFileReference; fileEncoding = 4; lastKnownFileType = sourcecode.swift; path = "MainTableVC+UITableViewDelegate.swift"; sourceTree = "<group>"; };
/* End PBXFileReference section */

/* Begin PBXFrameworksBuildPhase section */
		CAF9A4EA2339FF8B005B4EC0 /* Frameworks */ = {
			isa = PBXFrameworksBuildPhase;
			buildActionMask = 2147483647;
			files = (
			);
			runOnlyForDeploymentPostprocessing = 0;
		};
/* End PBXFrameworksBuildPhase section */

/* Begin PBXGroup section */
		CAF9A4E42339FF8B005B4EC0 = {
			isa = PBXGroup;
			children = (
				CAF9A4EF2339FF8B005B4EC0 /* testApi */,
				CAF9A4EE2339FF8B005B4EC0 /* Products */,
			);
			sourceTree = "<group>";
		};
		CAF9A4EE2339FF8B005B4EC0 /* Products */ = {
			isa = PBXGroup;
			children = (
				CAF9A4ED2339FF8B005B4EC0 /* testApi.app */,
			);
			name = Products;
			sourceTree = "<group>";
		};
		CAF9A4EF2339FF8B005B4EC0 /* testApi */ = {
			isa = PBXGroup;
			children = (
				CAF9A4F02339FF8B005B4EC0 /* AppDelegate.swift */,
				CAF9A504233A0127005B4EC0 /* SceneDelegate.swift */,
				CAF9A50A233A1B33005B4EC0 /* Model */,
				CAF9A50D233A1B4F005B4EC0 /* View */,
				CAF9A50B233A1B3E005B4EC0 /* Controllers */,
				CAF9A50C233A1B48005B4EC0 /* Network */,
				CAF9A4F92339FF8C005B4EC0 /* Assets.xcassets */,
				CAF9A4FB2339FF8C005B4EC0 /* LaunchScreen.storyboard */,
				CAF9A4FE2339FF8C005B4EC0 /* Info.plist */,
			);
			path = testApi;
			sourceTree = "<group>";
		};
		CAF9A50A233A1B33005B4EC0 /* Model */ = {
			isa = PBXGroup;
			children = (
				CAF9A506233A15E5005B4EC0 /* UserEntrys.swift */,
			);
			path = Model;
			sourceTree = "<group>";
		};
		CAF9A50B233A1B3E005B4EC0 /* Controllers */ = {
			isa = PBXGroup;
			children = (
				CAF9A516233A4206005B4EC0 /* MainTableVC */,
				CAF9A517233A4211005B4EC0 /* DetailVC */,
			);
			path = Controllers;
			sourceTree = "<group>";
		};
		CAF9A50C233A1B48005B4EC0 /* Network */ = {
			isa = PBXGroup;
			children = (
				CAF9A508233A19DC005B4EC0 /* RequestManager.swift */,
			);
			path = Network;
			sourceTree = "<group>";
		};
		CAF9A50D233A1B4F005B4EC0 /* View */ = {
			isa = PBXGroup;
			children = (
				CAF9A4F62339FF8B005B4EC0 /* Main.storyboard */,
				CAF9A50E233A1C94005B4EC0 /* UserCell.swift */,
			);
			path = View;
			sourceTree = "<group>";
		};
		CAF9A516233A4206005B4EC0 /* MainTableVC */ = {
			isa = PBXGroup;
			children = (
				CAF9A4F42339FF8B005B4EC0 /* MainTableVC.swift */,
				CAF9A510233A1DE7005B4EC0 /* MainTableVC+UITableViewDataSource.swift */,
				CAF9A514233A413C005B4EC0 /* MainTableVC+UITableViewDelegate.swift */,
			);
			path = MainTableVC;
			sourceTree = "<group>";
		};
		CAF9A517233A4211005B4EC0 /* DetailVC */ = {
			isa = PBXGroup;
			children = (
				CAF9A512233A235D005B4EC0 /* DetailVC.swift */,
			);
			path = DetailVC;
			sourceTree = "<group>";
		};
/* End PBXGroup section */

/* Begin PBXNativeTarget section */
		CAF9A4EC2339FF8B005B4EC0 /* testApi */ = {
			isa = PBXNativeTarget;
			buildConfigurationList = CAF9A5012339FF8C005B4EC0 /* Build configuration list for PBXNativeTarget "testApi" */;
			buildPhases = (
				CAF9A4E92339FF8B005B4EC0 /* Sources */,
				CAF9A4EA2339FF8B005B4EC0 /* Frameworks */,
				CAF9A4EB2339FF8B005B4EC0 /* Resources */,
			);
			buildRules = (
			);
			dependencies = (
			);
			name = testApi;
			productName = testApi;
			productReference = CAF9A4ED2339FF8B005B4EC0 /* testApi.app */;
			productType = "com.apple.product-type.application";
		};
/* End PBXNativeTarget section */

/* Begin PBXProject section */
		CAF9A4E52339FF8B005B4EC0 /* Project object */ = {
			isa = PBXProject;
			attributes = {
				LastSwiftUpdateCheck = 1100;
				LastUpgradeCheck = 1100;
				ORGANIZATIONNAME = "Iurii Popov";
				TargetAttributes = {
					CAF9A4EC2339FF8B005B4EC0 = {
						CreatedOnToolsVersion = 11.0;
					};
				};
			};
			buildConfigurationList = CAF9A4E82339FF8B005B4EC0 /* Build configuration list for PBXProject "testApi" */;
			compatibilityVersion = "Xcode 9.3";
			developmentRegion = en;
			hasScannedForEncodings = 0;
			knownRegions = (
				en,
				Base,
			);
			mainGroup = CAF9A4E42339FF8B005B4EC0;
			productRefGroup = CAF9A4EE2339FF8B005B4EC0 /* Products */;
			projectDirPath = "";
			projectRoot = "";
			targets = (
				CAF9A4EC2339FF8B005B4EC0 /* testApi */,
			);
		};
/* End PBXProject section */

/* Begin PBXResourcesBuildPhase section */
		CAF9A4EB2339FF8B005B4EC0 /* Resources */ = {
			isa = PBXResourcesBuildPhase;
			buildActionMask = 2147483647;
			files = (
				CAF9A4FD2339FF8C005B4EC0 /* LaunchScreen.storyboard in Resources */,
				CAF9A4FA2339FF8C005B4EC0 /* Assets.xcassets in Resources */,
				CAF9A4F82339FF8B005B4EC0 /* Main.storyboard in Resources */,
			);
			runOnlyForDeploymentPostprocessing = 0;
		};
/* End PBXResourcesBuildPhase section */

/* Begin PBXSourcesBuildPhase section */
		CAF9A4E92339FF8B005B4EC0 /* Sources */ = {
			isa = PBXSourcesBuildPhase;
			buildActionMask = 2147483647;
			files = (
				CAF9A509233A19DC005B4EC0 /* RequestManager.swift in Sources */,
				CAF9A507233A15E5005B4EC0 /* UserEntrys.swift in Sources */,
				CAF9A50F233A1C94005B4EC0 /* UserCell.swift in Sources */,
				CAF9A511233A1DE7005B4EC0 /* MainTableVC+UITableViewDataSource.swift in Sources */,
				CAF9A4F52339FF8B005B4EC0 /* MainTableVC.swift in Sources */,
				CAF9A515233A413C005B4EC0 /* MainTableVC+UITableViewDelegate.swift in Sources */,
				CAF9A513233A235D005B4EC0 /* DetailVC.swift in Sources */,
				CAF9A4F12339FF8B005B4EC0 /* AppDelegate.swift in Sources */,
				CAF9A505233A0127005B4EC0 /* SceneDelegate.swift in Sources */,
			);
			runOnlyForDeploymentPostprocessing = 0;
		};
/* End PBXSourcesBuildPhase section */

/* Begin PBXVariantGroup section */
		CAF9A4F62339FF8B005B4EC0 /* Main.storyboard */ = {
			isa = PBXVariantGroup;
			children = (
				CAF9A4F72339FF8B005B4EC0 /* Base */,
			);
			name = Main.storyboard;
			sourceTree = "<group>";
		};
		CAF9A4FB2339FF8C005B4EC0 /* LaunchScreen.storyboard */ = {
			isa = PBXVariantGroup;
			children = (
				CAF9A4FC2339FF8C005B4EC0 /* Base */,
			);
			name = LaunchScreen.storyboard;
			sourceTree = "<group>";
		};
/* End PBXVariantGroup section */

/* Begin XCBuildConfiguration section */
		CAF9A4FF2339FF8C005B4EC0 /* Debug */ = {
			isa = XCBuildConfiguration;
			buildSettings = {
				ALWAYS_SEARCH_USER_PATHS = NO;
				CLANG_ANALYZER_NONNULL = YES;
				CLANG_ANALYZER_NUMBER_OBJECT_CONVERSION = YES_AGGRESSIVE;
				CLANG_CXX_LANGUAGE_STANDARD = "gnu++14";
				CLANG_CXX_LIBRARY = "libc++";
				CLANG_ENABLE_MODULES = YES;
				CLANG_ENABLE_OBJC_ARC = YES;
				CLANG_ENABLE_OBJC_WEAK = YES;
				CLANG_WARN_BLOCK_CAPTURE_AUTORELEASING = YES;
				CLANG_WARN_BOOL_CONVERSION = YES;
				CLANG_WARN_COMMA = YES;
				CLANG_WARN_CONSTANT_CONVERSION = YES;
				CLANG_WARN_DEPRECATED_OBJC_IMPLEMENTATIONS = YES;
				CLANG_WARN_DIRECT_OBJC_ISA_USAGE = YES_ERROR;
				CLANG_WARN_DOCUMENTATION_COMMENTS = YES;
				CLANG_WARN_EMPTY_BODY = YES;
				CLANG_WARN_ENUM_CONVERSION = YES;
				CLANG_WARN_INFINITE_RECURSION = YES;
				CLANG_WARN_INT_CONVERSION = YES;
				CLANG_WARN_NON_LITERAL_NULL_CONVERSION = YES;
				CLANG_WARN_OBJC_IMPLICIT_RETAIN_SELF = YES;
				CLANG_WARN_OBJC_LITERAL_CONVERSION = YES;
				CLANG_WARN_OBJC_ROOT_CLASS = YES_ERROR;
				CLANG_WARN_RANGE_LOOP_ANALYSIS = YES;
				CLANG_WARN_STRICT_PROTOTYPES = YES;
				CLANG_WARN_SUSPICIOUS_MOVE = YES;
				CLANG_WARN_UNGUARDED_AVAILABILITY = YES_AGGRESSIVE;
				CLANG_WARN_UNREACHABLE_CODE = YES;
				CLANG_WARN__DUPLICATE_METHOD_MATCH = YES;
				COPY_PHASE_STRIP = NO;
				DEBUG_INFORMATION_FORMAT = dwarf;
				ENABLE_STRICT_OBJC_MSGSEND = YES;
				ENABLE_TESTABILITY = YES;
				GCC_C_LANGUAGE_STANDARD = gnu11;
				GCC_DYNAMIC_NO_PIC = NO;
				GCC_NO_COMMON_BLOCKS = YES;
				GCC_OPTIMIZATION_LEVEL = 0;
				GCC_PREPROCESSOR_DEFINITIONS = (
					"DEBUG=1",
					"$(inherited)",
				);
				GCC_WARN_64_TO_32_BIT_CONVERSION = YES;
				GCC_WARN_ABOUT_RETURN_TYPE = YES_ERROR;
				GCC_WARN_UNDECLARED_SELECTOR = YES;
				GCC_WARN_UNINITIALIZED_AUTOS = YES_AGGRESSIVE;
				GCC_WARN_UNUSED_FUNCTION = YES;
				GCC_WARN_UNUSED_VARIABLE = YES;
				IPHONEOS_DEPLOYMENT_TARGET = 13.0;
				MTL_ENABLE_DEBUG_INFO = INCLUDE_SOURCE;
				MTL_FAST_MATH = YES;
				ONLY_ACTIVE_ARCH = YES;
				SDKROOT = iphoneos;
				SWIFT_ACTIVE_COMPILATION_CONDITIONS = DEBUG;
				SWIFT_OPTIMIZATION_LEVEL = "-Onone";
			};
			name = Debug;
		};
		CAF9A5002339FF8C005B4EC0 /* Release */ = {
			isa = XCBuildConfiguration;
			buildSettings = {
				ALWAYS_SEARCH_USER_PATHS = NO;
				CLANG_ANALYZER_NONNULL = YES;
				CLANG_ANALYZER_NUMBER_OBJECT_CONVERSION = YES_AGGRESSIVE;
				CLANG_CXX_LANGUAGE_STANDARD = "gnu++14";
				CLANG_CXX_LIBRARY = "libc++";
				CLANG_ENABLE_MODULES = YES;
				CLANG_ENABLE_OBJC_ARC = YES;
				CLANG_ENABLE_OBJC_WEAK = YES;
				CLANG_WARN_BLOCK_CAPTURE_AUTORELEASING = YES;
				CLANG_WARN_BOOL_CONVERSION = YES;
				CLANG_WARN_COMMA = YES;
				CLANG_WARN_CONSTANT_CONVERSION = YES;
				CLANG_WARN_DEPRECATED_OBJC_IMPLEMENTATIONS = YES;
				CLANG_WARN_DIRECT_OBJC_ISA_USAGE = YES_ERROR;
				CLANG_WARN_DOCUMENTATION_COMMENTS = YES;
				CLANG_WARN_EMPTY_BODY = YES;
				CLANG_WARN_ENUM_CONVERSION = YES;
				CLANG_WARN_INFINITE_RECURSION = YES;
				CLANG_WARN_INT_CONVERSION = YES;
				CLANG_WARN_NON_LITERAL_NULL_CONVERSION = YES;
				CLANG_WARN_OBJC_IMPLICIT_RETAIN_SELF = YES;
				CLANG_WARN_OBJC_LITERAL_CONVERSION = YES;
				CLANG_WARN_OBJC_ROOT_CLASS = YES_ERROR;
				CLANG_WARN_RANGE_LOOP_ANALYSIS = YES;
				CLANG_WARN_STRICT_PROTOTYPES = YES;
				CLANG_WARN_SUSPICIOUS_MOVE = YES;
				CLANG_WARN_UNGUARDED_AVAILABILITY = YES_AGGRESSIVE;
				CLANG_WARN_UNREACHABLE_CODE = YES;
				CLANG_WARN__DUPLICATE_METHOD_MATCH = YES;
				COPY_PHASE_STRIP = NO;
				DEBUG_INFORMATION_FORMAT = "dwarf-with-dsym";
				ENABLE_NS_ASSERTIONS = NO;
				ENABLE_STRICT_OBJC_MSGSEND = YES;
				GCC_C_LANGUAGE_STANDARD = gnu11;
				GCC_NO_COMMON_BLOCKS = YES;
				GCC_WARN_64_TO_32_BIT_CONVERSION = YES;
				GCC_WARN_ABOUT_RETURN_TYPE = YES_ERROR;
				GCC_WARN_UNDECLARED_SELECTOR = YES;
				GCC_WARN_UNINITIALIZED_AUTOS = YES_AGGRESSIVE;
				GCC_WARN_UNUSED_FUNCTION = YES;
				GCC_WARN_UNUSED_VARIABLE = YES;
				IPHONEOS_DEPLOYMENT_TARGET = 13.0;
				MTL_ENABLE_DEBUG_INFO = NO;
				MTL_FAST_MATH = YES;
				SDKROOT = iphoneos;
				SWIFT_COMPILATION_MODE = wholemodule;
				SWIFT_OPTIMIZATION_LEVEL = "-O";
				VALIDATE_PRODUCT = YES;
			};
			name = Release;
		};
		CAF9A5022339FF8C005B4EC0 /* Debug */ = {
			isa = XCBuildConfiguration;
			buildSettings = {
				ASSETCATALOG_COMPILER_APPICON_NAME = AppIcon;
				CODE_SIGN_STYLE = Automatic;
				DEVELOPMENT_TEAM = 54SGD4HVN5;
				INFOPLIST_FILE = testApi/Info.plist;
				LD_RUNPATH_SEARCH_PATHS = (
					"$(inherited)",
					"@executable_path/Frameworks",
				);
				PRODUCT_BUNDLE_IDENTIFIER = com.IuriiPopov.testApi;
				PRODUCT_NAME = "$(TARGET_NAME)";
				SWIFT_VERSION = 5.0;
				TARGETED_DEVICE_FAMILY = 1;
			};
			name = Debug;
		};
		CAF9A5032339FF8C005B4EC0 /* Release */ = {
			isa = XCBuildConfiguration;
			buildSettings = {
				ASSETCATALOG_COMPILER_APPICON_NAME = AppIcon;
				CODE_SIGN_STYLE = Automatic;
				DEVELOPMENT_TEAM = 54SGD4HVN5;
				INFOPLIST_FILE = testApi/Info.plist;
				LD_RUNPATH_SEARCH_PATHS = (
					"$(inherited)",
					"@executable_path/Frameworks",
				);
				PRODUCT_BUNDLE_IDENTIFIER = com.IuriiPopov.testApi;
				PRODUCT_NAME = "$(TARGET_NAME)";
				SWIFT_VERSION = 5.0;
				TARGETED_DEVICE_FAMILY = 1;
			};
			name = Release;
		};
/* End XCBuildConfiguration section */

/* Begin XCConfigurationList section */
		CAF9A4E82339FF8B005B4EC0 /* Build configuration list for PBXProject "testApi" */ = {
			isa = XCConfigurationList;
			buildConfigurations = (
				CAF9A4FF2339FF8C005B4EC0 /* Debug */,
				CAF9A5002339FF8C005B4EC0 /* Release */,
			);
			defaultConfigurationIsVisible = 0;
			defaultConfigurationName = Release;
		};
		CAF9A5012339FF8C005B4EC0 /* Build configuration list for PBXNativeTarget "testApi" */ = {
			isa = XCConfigurationList;
			buildConfigurations = (
				CAF9A5022339FF8C005B4EC0 /* Debug */,
				CAF9A5032339FF8C005B4EC0 /* Release */,
			);
			defaultConfigurationIsVisible = 0;
			defaultConfigurationName = Release;
		};
/* End XCConfigurationList section */
	};
	rootObject = CAF9A4E52339FF8B005B4EC0 /* Project object */;
}
